
Microsoft Visual Studio Solution File, Format Version 12.00
# Visual Studio Version 16
VisualStudioVersion = 16.0.31624.102
MinimumVisualStudioVersion = 10.0.40219.1
Project("{FAE04EC0-301F-11D3-BF4B-00C04F79EFBC}") = "ApiDev", "ApiDev\ApiDev.csproj", "{CEA11C7C-7CB7-4222-9016-56FCCAEA8913}"
EndProject
Project("{FAE04EC0-301F-11D3-BF4B-00C04F79EFBC}") = "Data", "Data\Data.csproj", "{FA67EFDA-5E07-4929-9824-6707AE0D90B9}"
EndProject
Project("{FAE04EC0-301F-11D3-BF4B-00C04F79EFBC}") = "Rabbit", "Rabbit\Rabbit.csproj", "{D7819DDA-8CB0-48DC-9160-B872C85725FA}"
EndProject
Global
	GlobalSection(SolutionConfigurationPlatforms) = preSolution
		Debug|Any CPU = Debug|Any CPU
		Release|Any CPU = Release|Any CPU
	EndGlobalSection
	GlobalSection(ProjectConfigurationPlatforms) = postSolution
		{CEA11C7C-7CB7-4222-9016-56FCCAEA8913}.Debug|Any CPU.ActiveCfg = Debug|Any CPU
		{CEA11C7C-7CB7-4222-9016-56FCCAEA8913}.Debug|Any CPU.Build.0 = Debug|Any CPU
		{CEA11C7C-7CB7-4222-9016-56FCCAEA8913}.Release|Any CPU.ActiveCfg = Release|Any CPU
		{CEA11C7C-7CB7-4222-9016-56FCCAEA8913}.Release|Any CPU.Build.0 = Release|Any CPU
		{FA67EFDA-5E07-4929-9824-6707AE0D90B9}.Debug|Any CPU.ActiveCfg = Debug|Any CPU
		{FA67EFDA-5E07-4929-9824-6707AE0D90B9}.Debug|Any CPU.Build.0 = Debug|Any CPU
		{FA67EFDA-5E07-4929-9824-6707AE0D90B9}.Release|Any CPU.ActiveCfg = Release|Any CPU
		{FA67EFDA-5E07-4929-9824-6707AE0D90B9}.Release|Any CPU.Build.0 = Release|Any CPU
		{D7819DDA-8CB0-48DC-9160-B872C85725FA}.Debug|Any CPU.ActiveCfg = Debug|Any CPU
		{D7819DDA-8CB0-48DC-9160-B872C85725FA}.Debug|Any CPU.Build.0 = Debug|Any CPU
		{D7819DDA-8CB0-48DC-9160-B872C85725FA}.Release|Any CPU.ActiveCfg = Release|Any CPU
		{D7819DDA-8CB0-48DC-9160-B872C85725FA}.Release|Any CPU.Build.0 = Release|Any CPU
	EndGlobalSection
	GlobalSection(SolutionProperties) = preSolution
		HideSolutionNode = FALSE
	EndGlobalSection
	GlobalSection(ExtensibilityGlobals) = postSolution
		SolutionGuid = {5B3062BF-6ACA-4B19-B968-247246CF9FC2}
	EndGlobalSection
EndGlobal
